
Microsoft Visual Studio Solution File, Format Version 12.00
# Visual Studio Version 16
VisualStudioVersion = 16.0.30907.101
MinimumVisualStudioVersion = 10.0.40219.1
Project("{FAE04EC0-301F-11D3-BF4B-00C04F79EFBC}") = "DSM_Import", "DSM_Import\DSM_Import.csproj", "{5B56629A-5D13-459F-93F0-F18B89A4FDA9}"
EndProject
Project("{FAE04EC0-301F-11D3-BF4B-00C04F79EFBC}") = "BLL", "..\DSM_BLL\BLL.csproj", "{2A8E7BEF-6585-40DB-B7A2-5AE8EA659FDF}"
EndProject
Project("{FAE04EC0-301F-11D3-BF4B-00C04F79EFBC}") = "DSM_DATA", "..\DSM_DATA\DSM_DATA\DSM_DATA.csproj", "{A23B463E-D577-4550-8C2A-D97AEA5FAFF7}"
EndProject
Project("{FAE04EC0-301F-11D3-BF4B-00C04F79EFBC}") = "dsm_win", "..\DSM_Win\dsm_win\dsm_win.csproj", "{4ADC9E31-7798-4B84-AD84-3167E474201D}"
EndProject
Global
	GlobalSection(SolutionConfigurationPlatforms) = preSolution
		Debug|Any CPU = Debug|Any CPU
		Release|Any CPU = Release|Any CPU
	EndGlobalSection
	GlobalSection(ProjectConfigurationPlatforms) = postSolution
		{5B56629A-5D13-459F-93F0-F18B89A4FDA9}.Debug|Any CPU.ActiveCfg = Debug|Any CPU
		{5B56629A-5D13-459F-93F0-F18B89A4FDA9}.Debug|Any CPU.Build.0 = Debug|Any CPU
		{5B56629A-5D13-459F-93F0-F18B89A4FDA9}.Release|Any CPU.ActiveCfg = Release|Any CPU
		{5B56629A-5D13-459F-93F0-F18B89A4FDA9}.Release|Any CPU.Build.0 = Release|Any CPU
		{2A8E7BEF-6585-40DB-B7A2-5AE8EA659FDF}.Debug|Any CPU.ActiveCfg = Debug|Any CPU
		{2A8E7BEF-6585-40DB-B7A2-5AE8EA659FDF}.Debug|Any CPU.Build.0 = Debug|Any CPU
		{2A8E7BEF-6585-40DB-B7A2-5AE8EA659FDF}.Release|Any CPU.ActiveCfg = Release|Any CPU
		{2A8E7BEF-6585-40DB-B7A2-5AE8EA659FDF}.Release|Any CPU.Build.0 = Release|Any CPU
		{A23B463E-D577-4550-8C2A-D97AEA5FAFF7}.Debug|Any CPU.ActiveCfg = Debug|Any CPU
		{A23B463E-D577-4550-8C2A-D97AEA5FAFF7}.Debug|Any CPU.Build.0 = Debug|Any CPU
		{A23B463E-D577-4550-8C2A-D97AEA5FAFF7}.Release|Any CPU.ActiveCfg = Release|Any CPU
		{A23B463E-D577-4550-8C2A-D97AEA5FAFF7}.Release|Any CPU.Build.0 = Release|Any CPU
		{4ADC9E31-7798-4B84-AD84-3167E474201D}.Debug|Any CPU.ActiveCfg = Debug|Any CPU
		{4ADC9E31-7798-4B84-AD84-3167E474201D}.Debug|Any CPU.Build.0 = Debug|Any CPU
		{4ADC9E31-7798-4B84-AD84-3167E474201D}.Release|Any CPU.ActiveCfg = Release|Any CPU
		{4ADC9E31-7798-4B84-AD84-3167E474201D}.Release|Any CPU.Build.0 = Release|Any CPU
	EndGlobalSection
	GlobalSection(SolutionProperties) = preSolution
		HideSolutionNode = FALSE
	EndGlobalSection
	GlobalSection(ExtensibilityGlobals) = postSolution
		SolutionGuid = {34111E81-247F-4C87-BFDE-1D9885D971AF}
	EndGlobalSection
EndGlobal
